// !$*UTF8*$!
{
	archiveVersion = 1;
	classes = {
	};
	objectVersion = 51;
	objects = {

/* Begin PBXBuildFile section */
		C238B32C232C796C00692BED /* FSLLoginRegisterField.m in Sources */ = {isa = PBXBuildFile; fileRef = C238B32B232C796C00692BED /* FSLLoginRegisterField.m */; };
		C238B331232C89A800692BED /* UITextField+FSLExtension.m in Sources */ = {isa = PBXBuildFile; fileRef = C238B330232C89A800692BED /* UITextField+FSLExtension.m */; };
		C238B334232C9D6200692BED /* FSLFooterView.m in Sources */ = {isa = PBXBuildFile; fileRef = C238B333232C9D6200692BED /* FSLFooterView.m */; };
		C262FD6A2327D29100667D5D /* UIView+FSLView.m in Sources */ = {isa = PBXBuildFile; fileRef = C262FD692327D29100667D5D /* UIView+FSLView.m */; };
		C262FD7D232883FF00667D5D /* FSLTabBar.m in Sources */ = {isa = PBXBuildFile; fileRef = C262FD7B232883FF00667D5D /* FSLTabBar.m */; };
		C262FD8E2328877600667D5D /* FSLMineViewController.m in Sources */ = {isa = PBXBuildFile; fileRef = C262FD8D2328877600667D5D /* FSLMineViewController.m */; };
		C262FD912328878500667D5D /* FSLEssectionViewController.m in Sources */ = {isa = PBXBuildFile; fileRef = C262FD902328878500667D5D /* FSLEssectionViewController.m */; };
		C262FD97232887B300667D5D /* FSLHomeViewController.m in Sources */ = {isa = PBXBuildFile; fileRef = C262FD96232887B300667D5D /* FSLHomeViewController.m */; };
		C262FD9A23288A0E00667D5D /* UIBarButtonItem+FSLBarButtonItem.m in Sources */ = {isa = PBXBuildFile; fileRef = C262FD9923288A0E00667D5D /* UIBarButtonItem+FSLBarButtonItem.m */; };
		C262FD9D2328946800667D5D /* FSLRecommendFollowController.m in Sources */ = {isa = PBXBuildFile; fileRef = C262FD9C2328946800667D5D /* FSLRecommendFollowController.m */; };
		C262FDA02328A08900667D5D /* FSLNavigaitonController.m in Sources */ = {isa = PBXBuildFile; fileRef = C262FD9F2328A08900667D5D /* FSLNavigaitonController.m */; };
		C262FDA32328A33800667D5D /* FSLTextViewController.m in Sources */ = {isa = PBXBuildFile; fileRef = C262FDA22328A33800667D5D /* FSLTextViewController.m */; };
		C29B2E642326551B003BCF2E /* AppDelegate.m in Sources */ = {isa = PBXBuildFile; fileRef = C29B2E632326551B003BCF2E /* AppDelegate.m */; };
		C29B2E6C2326551C003BCF2E /* Assets.xcassets in Resources */ = {isa = PBXBuildFile; fileRef = C29B2E6B2326551C003BCF2E /* Assets.xcassets */; };
		C29B2E6F2326551D003BCF2E /* LaunchScreen.storyboard in Resources */ = {isa = PBXBuildFile; fileRef = C29B2E6D2326551D003BCF2E /* LaunchScreen.storyboard */; };
		C29B2E722326551D003BCF2E /* main.m in Sources */ = {isa = PBXBuildFile; fileRef = C29B2E712326551D003BCF2E /* main.m */; };
		C29B2E7C2326551D003BCF2E /* ______01Tests.m in Sources */ = {isa = PBXBuildFile; fileRef = C29B2E7B2326551D003BCF2E /* ______01Tests.m */; };
		C29B2E872326551D003BCF2E /* ______01UITests.m in Sources */ = {isa = PBXBuildFile; fileRef = C29B2E862326551D003BCF2E /* ______01UITests.m */; };
		C29B2E9623265C9D003BCF2E /* FSLViewController.m in Sources */ = {isa = PBXBuildFile; fileRef = C29B2E9523265C9D003BCF2E /* FSLViewController.m */; };
		C29B2E9B2326A1E4003BCF2E /* FslTabBarController.m in Sources */ = {isa = PBXBuildFile; fileRef = C29B2E9A2326A1E4003BCF2E /* FslTabBarController.m */; };
/* End PBXBuildFile section */

/* Begin PBXContainerItemProxy section */
		C29B2E782326551D003BCF2E /* PBXContainerItemProxy */ = {
			isa = PBXContainerItemProxy;
			containerPortal = C29B2E572326551B003BCF2E /* Project object */;
			proxyType = 1;
			remoteGlobalIDString = C29B2E5E2326551B003BCF2E;
			remoteInfo = "百思不得姐-01";
		};
		C29B2E832326551D003BCF2E /* PBXContainerItemProxy */ = {
			isa = PBXContainerItemProxy;
			containerPortal = C29B2E572326551B003BCF2E /* Project object */;
			proxyType = 1;
			remoteGlobalIDString = C29B2E5E2326551B003BCF2E;
			remoteInfo = "百思不得姐-01";
		};
/* End PBXContainerItemProxy section */

/* Begin PBXFileReference section */
		5C016CCCD02393BC78F2A204 /* Pods-百思不得姐-01.release.xcconfig */ = {isa = PBXFileReference; includeInIndex = 1; lastKnownFileType = text.xcconfig; name = "Pods-百思不得姐-01.release.xcconfig"; path = "Target Support Files/Pods-百思不得姐-01/Pods-百思不得姐-01.release.xcconfig"; sourceTree = "<group>"; };
		C238B32A232C796C00692BED /* FSLLoginRegisterField.h */ = {isa = PBXFileReference; lastKnownFileType = sourcecode.c.h; path = FSLLoginRegisterField.h; sourceTree = "<group>"; };
		C238B32B232C796C00692BED /* FSLLoginRegisterField.m */ = {isa = PBXFileReference; lastKnownFileType = sourcecode.c.objc; path = FSLLoginRegisterField.m; sourceTree = "<group>"; };
		C238B32F232C89A800692BED /* UITextField+FSLExtension.h */ = {isa = PBXFileReference; lastKnownFileType = sourcecode.c.h; path = "UITextField+FSLExtension.h"; sourceTree = "<group>"; };
		C238B330232C89A800692BED /* UITextField+FSLExtension.m */ = {isa = PBXFileReference; lastKnownFileType = sourcecode.c.objc; path = "UITextField+FSLExtension.m"; sourceTree = "<group>"; };
		C238B332232C9D6200692BED /* FSLFooterView.h */ = {isa = PBXFileReference; lastKnownFileType = sourcecode.c.h; path = FSLFooterView.h; sourceTree = "<group>"; };
		C238B333232C9D6200692BED /* FSLFooterView.m */ = {isa = PBXFileReference; lastKnownFileType = sourcecode.c.objc; path = FSLFooterView.m; sourceTree = "<group>"; };
		C262FD6223278E4300667D5D /* PrefixHeader.pch */ = {isa = PBXFileReference; lastKnownFileType = sourcecode.c.h; path = PrefixHeader.pch; sourceTree = "<group>"; };
		C262FD682327D29100667D5D /* UIView+FSLView.h */ = {isa = PBXFileReference; lastKnownFileType = sourcecode.c.h; path = "UIView+FSLView.h"; sourceTree = "<group>"; };
		C262FD692327D29100667D5D /* UIView+FSLView.m */ = {isa = PBXFileReference; lastKnownFileType = sourcecode.c.objc; path = "UIView+FSLView.m"; sourceTree = "<group>"; };
		C262FD7B232883FF00667D5D /* FSLTabBar.m */ = {isa = PBXFileReference; fileEncoding = 4; lastKnownFileType = sourcecode.c.objc; path = FSLTabBar.m; sourceTree = "<group>"; };
		C262FD7C232883FF00667D5D /* FSLTabBar.h */ = {isa = PBXFileReference; fileEncoding = 4; lastKnownFileType = sourcecode.c.h; path = FSLTabBar.h; sourceTree = "<group>"; };
		C262FD8C2328877600667D5D /* FSLMineViewController.h */ = {isa = PBXFileReference; lastKnownFileType = sourcecode.c.h; path = FSLMineViewController.h; sourceTree = "<group>"; };
		C262FD8D2328877600667D5D /* FSLMineViewController.m */ = {isa = PBXFileReference; lastKnownFileType = sourcecode.c.objc; path = FSLMineViewController.m; sourceTree = "<group>"; };
		C262FD8F2328878500667D5D /* FSLEssectionViewController.h */ = {isa = PBXFileReference; lastKnownFileType = sourcecode.c.h; path = FSLEssectionViewController.h; sourceTree = "<group>"; };
		C262FD902328878500667D5D /* FSLEssectionViewController.m */ = {isa = PBXFileReference; lastKnownFileType = sourcecode.c.objc; path = FSLEssectionViewController.m; sourceTree = "<group>"; };
		C262FD95232887B300667D5D /* FSLHomeViewController.h */ = {isa = PBXFileReference; lastKnownFileType = sourcecode.c.h; path = FSLHomeViewController.h; sourceTree = "<group>"; };
		C262FD96232887B300667D5D /* FSLHomeViewController.m */ = {isa = PBXFileReference; lastKnownFileType = sourcecode.c.objc; path = FSLHomeViewController.m; sourceTree = "<group>"; };
		C262FD9823288A0E00667D5D /* UIBarButtonItem+FSLBarButtonItem.h */ = {isa = PBXFileReference; lastKnownFileType = sourcecode.c.h; path = "UIBarButtonItem+FSLBarButtonItem.h"; sourceTree = "<group>"; };
		C262FD9923288A0E00667D5D /* UIBarButtonItem+FSLBarButtonItem.m */ = {isa = PBXFileReference; lastKnownFileType = sourcecode.c.objc; path = "UIBarButtonItem+FSLBarButtonItem.m"; sourceTree = "<group>"; };
		C262FD9B2328946800667D5D /* FSLRecommendFollowController.h */ = {isa = PBXFileReference; lastKnownFileType = sourcecode.c.h; path = FSLRecommendFollowController.h; sourceTree = "<group>"; };
		C262FD9C2328946800667D5D /* FSLRecommendFollowController.m */ = {isa = PBXFileReference; lastKnownFileType = sourcecode.c.objc; path = FSLRecommendFollowController.m; sourceTree = "<group>"; };
		C262FD9E2328A08900667D5D /* FSLNavigaitonController.h */ = {isa = PBXFileReference; lastKnownFileType = sourcecode.c.h; path = FSLNavigaitonController.h; sourceTree = "<group>"; };
		C262FD9F2328A08900667D5D /* FSLNavigaitonController.m */ = {isa = PBXFileReference; lastKnownFileType = sourcecode.c.objc; path = FSLNavigaitonController.m; sourceTree = "<group>"; };
		C262FDA12328A33800667D5D /* FSLTextViewController.h */ = {isa = PBXFileReference; lastKnownFileType = sourcecode.c.h; path = FSLTextViewController.h; sourceTree = "<group>"; };
		C262FDA22328A33800667D5D /* FSLTextViewController.m */ = {isa = PBXFileReference; lastKnownFileType = sourcecode.c.objc; path = FSLTextViewController.m; sourceTree = "<group>"; };
		C29B2E5F2326551B003BCF2E /* 百思不得姐-01.app */ = {isa = PBXFileReference; explicitFileType = wrapper.application; includeInIndex = 0; path = "百思不得姐-01.app"; sourceTree = BUILT_PRODUCTS_DIR; };
		C29B2E622326551B003BCF2E /* AppDelegate.h */ = {isa = PBXFileReference; lastKnownFileType = sourcecode.c.h; path = AppDelegate.h; sourceTree = "<group>"; };
		C29B2E632326551B003BCF2E /* AppDelegate.m */ = {isa = PBXFileReference; lastKnownFileType = sourcecode.c.objc; path = AppDelegate.m; sourceTree = "<group>"; };
		C29B2E6B2326551C003BCF2E /* Assets.xcassets */ = {isa = PBXFileReference; lastKnownFileType = folder.assetcatalog; path = Assets.xcassets; sourceTree = "<group>"; };
		C29B2E6E2326551D003BCF2E /* Base */ = {isa = PBXFileReference; lastKnownFileType = file.storyboard; name = Base; path = Base.lproj/LaunchScreen.storyboard; sourceTree = "<group>"; };
		C29B2E702326551D003BCF2E /* Info.plist */ = {isa = PBXFileReference; lastKnownFileType = text.plist.xml; path = Info.plist; sourceTree = "<group>"; };
		C29B2E712326551D003BCF2E /* main.m */ = {isa = PBXFileReference; lastKnownFileType = sourcecode.c.objc; path = main.m; sourceTree = "<group>"; };
		C29B2E772326551D003BCF2E /* 百思不得姐-01Tests.xctest */ = {isa = PBXFileReference; explicitFileType = wrapper.cfbundle; includeInIndex = 0; path = "百思不得姐-01Tests.xctest"; sourceTree = BUILT_PRODUCTS_DIR; };
		C29B2E7B2326551D003BCF2E /* ______01Tests.m */ = {isa = PBXFileReference; lastKnownFileType = sourcecode.c.objc; path = "______01Tests.m"; sourceTree = "<group>"; };
		C29B2E7D2326551D003BCF2E /* Info.plist */ = {isa = PBXFileReference; lastKnownFileType = text.plist.xml; path = Info.plist; sourceTree = "<group>"; };
		C29B2E822326551D003BCF2E /* 百思不得姐-01UITests.xctest */ = {isa = PBXFileReference; explicitFileType = wrapper.cfbundle; includeInIndex = 0; path = "百思不得姐-01UITests.xctest"; sourceTree = BUILT_PRODUCTS_DIR; };
		C29B2E862326551D003BCF2E /* ______01UITests.m */ = {isa = PBXFileReference; lastKnownFileType = sourcecode.c.objc; path = "______01UITests.m"; sourceTree = "<group>"; };
		C29B2E882326551D003BCF2E /* Info.plist */ = {isa = PBXFileReference; lastKnownFileType = text.plist.xml; path = Info.plist; sourceTree = "<group>"; };
		C29B2E9423265C9D003BCF2E /* FSLViewController.h */ = {isa = PBXFileReference; lastKnownFileType = sourcecode.c.h; path = FSLViewController.h; sourceTree = "<group>"; };
		C29B2E9523265C9D003BCF2E /* FSLViewController.m */ = {isa = PBXFileReference; lastKnownFileType = sourcecode.c.objc; path = FSLViewController.m; sourceTree = "<group>"; };
		C29B2E992326A1E4003BCF2E /* FslTabBarController.h */ = {isa = PBXFileReference; lastKnownFileType = sourcecode.c.h; path = FslTabBarController.h; sourceTree = "<group>"; };
		C29B2E9A2326A1E4003BCF2E /* FslTabBarController.m */ = {isa = PBXFileReference; lastKnownFileType = sourcecode.c.objc; path = FslTabBarController.m; sourceTree = "<group>"; };
		CB47B8AF0C0FACAADA871490 /* Pods-百思不得姐-01.debug.xcconfig */ = {isa = PBXFileReference; includeInIndex = 1; lastKnownFileType = text.xcconfig; name = "Pods-百思不得姐-01.debug.xcconfig"; path = "Target Support Files/Pods-百思不得姐-01/Pods-百思不得姐-01.debug.xcconfig"; sourceTree = "<group>"; };
		D35AFFBA092F567E9475FE48 /* Pods_______01.framework */ = {isa = PBXFileReference; explicitFileType = wrapper.framework; includeInIndex = 0; path = "Pods_______01.framework"; sourceTree = BUILT_PRODUCTS_DIR; };
/* End PBXFileReference section */

/* Begin PBXFrameworksBuildPhase section */
		C29B2E5C2326551B003BCF2E /* Frameworks */ = {
			isa = PBXFrameworksBuildPhase;
			buildActionMask = 2147483647;
			files = (
			);
			runOnlyForDeploymentPostprocessing = 0;
		};
		C29B2E742326551D003BCF2E /* Frameworks */ = {
			isa = PBXFrameworksBuildPhase;
			buildActionMask = 2147483647;
			files = (
			);
			runOnlyForDeploymentPostprocessing = 0;
		};
		C29B2E7F2326551D003BCF2E /* Frameworks */ = {
			isa = PBXFrameworksBuildPhase;
			buildActionMask = 2147483647;
			files = (
			);
			runOnlyForDeploymentPostprocessing = 0;
		};
/* End PBXFrameworksBuildPhase section */

/* Begin PBXGroup section */
		23BC1E7F63676B45EFC7CCBC /* Frameworks */ = {
			isa = PBXGroup;
			children = (
				D35AFFBA092F567E9475FE48 /* Pods_______01.framework */,
			);
			name = Frameworks;
			sourceTree = "<group>";
		};
		3697FE5782F79608216B9AF9 /* Pods */ = {
			isa = PBXGroup;
			children = (
				CB47B8AF0C0FACAADA871490 /* Pods-百思不得姐-01.debug.xcconfig */,
				5C016CCCD02393BC78F2A204 /* Pods-百思不得姐-01.release.xcconfig */,
			);
			path = Pods;
			sourceTree = "<group>";
		};
		C238B32D232C895800692BED /* Category */ = {
			isa = PBXGroup;
			children = (
				C238B32F232C89A800692BED /* UITextField+FSLExtension.h */,
				C238B330232C89A800692BED /* UITextField+FSLExtension.m */,
			);
			path = Category;
			sourceTree = "<group>";
		};
		C262FD6B2328830300667D5D /* FSLHome */ = {
			isa = PBXGroup;
			children = (
				C262FD93232887A300667D5D /* Controller */,
				C262FD92232887A300667D5D /* Model */,
				C262FD94232887A300667D5D /* View */,
			);
			path = FSLHome;
			sourceTree = "<group>";
		};
		C262FD6C2328832600667D5D /* FSLEsseciotn */ = {
			isa = PBXGroup;
			children = (
				C262FD822328846500667D5D /* Controller */,
				C262FD842328846500667D5D /* Model */,
				C262FD832328846500667D5D /* View */,
			);
			path = FSLEsseciotn;
			sourceTree = "<group>";
		};
		C262FD6D2328833100667D5D /* FSLMine */ = {
			isa = PBXGroup;
			children = (
				C262FD872328847000667D5D /* Controller */,
				C262FD852328846F00667D5D /* Model */,
				C262FD862328847000667D5D /* View */,
			);
			path = FSLMine;
			sourceTree = "<group>";
		};
		C262FD79232883FF00667D5D /* Others */ = {
			isa = PBXGroup;
			children = (
				C238B32D232C895800692BED /* Category */,
				C262FD882328847700667D5D /* Controller */,
				C262FD7A232883FF00667D5D /* View */,
			);
			path = Others;
			sourceTree = "<group>";
		};
		C262FD7A232883FF00667D5D /* View */ = {
			isa = PBXGroup;
			children = (
				C262FD7C232883FF00667D5D /* FSLTabBar.h */,
				C262FD7B232883FF00667D5D /* FSLTabBar.m */,
				C262FD9823288A0E00667D5D /* UIBarButtonItem+FSLBarButtonItem.h */,
				C262FD9923288A0E00667D5D /* UIBarButtonItem+FSLBarButtonItem.m */,
			);
			path = View;
			sourceTree = "<group>";
		};
		C262FD7E2328842F00667D5D /* FSLFind */ = {
			isa = PBXGroup;
			children = (
				C262FD7F2328842F00667D5D /* Controller */,
				C262FD802328842F00667D5D /* Model */,
				C262FD812328842F00667D5D /* View */,
			);
			path = FSLFind;
			sourceTree = "<group>";
		};
		C262FD7F2328842F00667D5D /* Controller */ = {
			isa = PBXGroup;
			children = (
				C29B2E9423265C9D003BCF2E /* FSLViewController.h */,
				C29B2E9523265C9D003BCF2E /* FSLViewController.m */,
				C262FD9B2328946800667D5D /* FSLRecommendFollowController.h */,
				C262FD9C2328946800667D5D /* FSLRecommendFollowController.m */,
			);
			path = Controller;
			sourceTree = "<group>";
		};
		C262FD802328842F00667D5D /* Model */ = {
			isa = PBXGroup;
			children = (
			);
			path = Model;
			sourceTree = "<group>";
		};
		C262FD812328842F00667D5D /* View */ = {
			isa = PBXGroup;
			children = (
			);
			path = View;
			sourceTree = "<group>";
		};
		C262FD822328846500667D5D /* Controller */ = {
			isa = PBXGroup;
			children = (
				C262FD8F2328878500667D5D /* FSLEssectionViewController.h */,
				C262FD902328878500667D5D /* FSLEssectionViewController.m */,
			);
			path = Controller;
			sourceTree = "<group>";
		};
		C262FD832328846500667D5D /* View */ = {
			isa = PBXGroup;
			children = (
			);
			path = View;
			sourceTree = "<group>";
		};
		C262FD842328846500667D5D /* Model */ = {
			isa = PBXGroup;
			children = (
			);
			path = Model;
			sourceTree = "<group>";
		};
		C262FD852328846F00667D5D /* Model */ = {
			isa = PBXGroup;
			children = (
			);
			path = Model;
			sourceTree = "<group>";
		};
		C262FD862328847000667D5D /* View */ = {
			isa = PBXGroup;
			children = (
				C238B32A232C796C00692BED /* FSLLoginRegisterField.h */,
				C238B32B232C796C00692BED /* FSLLoginRegisterField.m */,
			);
			path = View;
			sourceTree = "<group>";
		};
		C262FD872328847000667D5D /* Controller */ = {
			isa = PBXGroup;
			children = (
				C262FD8C2328877600667D5D /* FSLMineViewController.h */,
				C262FD8D2328877600667D5D /* FSLMineViewController.m */,
			);
			path = Controller;
			sourceTree = "<group>";
		};
		C262FD882328847700667D5D /* Controller */ = {
			isa = PBXGroup;
			children = (
				C29B2E992326A1E4003BCF2E /* FslTabBarController.h */,
				C29B2E9A2326A1E4003BCF2E /* FslTabBarController.m */,
				C262FD9E2328A08900667D5D /* FSLNavigaitonController.h */,
				C262FD9F2328A08900667D5D /* FSLNavigaitonController.m */,
			);
			path = Controller;
			sourceTree = "<group>";
		};
		C262FD92232887A300667D5D /* Model */ = {
			isa = PBXGroup;
			children = (
			);
			path = Model;
			sourceTree = "<group>";
		};
		C262FD93232887A300667D5D /* Controller */ = {
			isa = PBXGroup;
			children = (
				C262FD95232887B300667D5D /* FSLHomeViewController.h */,
				C262FD96232887B300667D5D /* FSLHomeViewController.m */,
			);
			path = Controller;
			sourceTree = "<group>";
		};
		C262FD94232887A300667D5D /* View */ = {
			isa = PBXGroup;
			children = (
				C238B332232C9D6200692BED /* FSLFooterView.h */,
				C238B333232C9D6200692BED /* FSLFooterView.m */,
			);
			path = View;
			sourceTree = "<group>";
		};
		C29B2E562326551B003BCF2E = {
			isa = PBXGroup;
			children = (
				C29B2E612326551B003BCF2E /* 百思不得姐-01 */,
				C29B2E7A2326551D003BCF2E /* 百思不得姐-01Tests */,
				C29B2E852326551D003BCF2E /* 百思不得姐-01UITests */,
				C29B2E602326551B003BCF2E /* Products */,
				3697FE5782F79608216B9AF9 /* Pods */,
				23BC1E7F63676B45EFC7CCBC /* Frameworks */,
			);
			sourceTree = "<group>";
		};
		C29B2E602326551B003BCF2E /* Products */ = {
			isa = PBXGroup;
			children = (
				C29B2E5F2326551B003BCF2E /* 百思不得姐-01.app */,
				C29B2E772326551D003BCF2E /* 百思不得姐-01Tests.xctest */,
				C29B2E822326551D003BCF2E /* 百思不得姐-01UITests.xctest */,
			);
			name = Products;
			sourceTree = "<group>";
		};
		C29B2E612326551B003BCF2E /* 百思不得姐-01 */ = {
			isa = PBXGroup;
			children = (
				C29B2E972326792D003BCF2E /* Class */,
				C29B2E6B2326551C003BCF2E /* Assets.xcassets */,
				C29B2E6D2326551D003BCF2E /* LaunchScreen.storyboard */,
				C29B2E702326551D003BCF2E /* Info.plist */,
				C29B2E712326551D003BCF2E /* main.m */,
			);
			path = "百思不得姐-01";
			sourceTree = "<group>";
		};
		C29B2E7A2326551D003BCF2E /* 百思不得姐-01Tests */ = {
			isa = PBXGroup;
			children = (
				C29B2E7B2326551D003BCF2E /* ______01Tests.m */,
				C29B2E7D2326551D003BCF2E /* Info.plist */,
			);
			path = "百思不得姐-01Tests";
			sourceTree = "<group>";
		};
		C29B2E852326551D003BCF2E /* 百思不得姐-01UITests */ = {
			isa = PBXGroup;
			children = (
				C29B2E862326551D003BCF2E /* ______01UITests.m */,
				C29B2E882326551D003BCF2E /* Info.plist */,
			);
			path = "百思不得姐-01UITests";
			sourceTree = "<group>";
		};
		C29B2E972326792D003BCF2E /* Class */ = {
			isa = PBXGroup;
			children = (
				C262FD7E2328842F00667D5D /* FSLFind */,
				C262FD79232883FF00667D5D /* Others */,
				C262FD6D2328833100667D5D /* FSLMine */,
				C262FD6C2328832600667D5D /* FSLEsseciotn */,
				C262FD6B2328830300667D5D /* FSLHome */,
				C29B2E622326551B003BCF2E /* AppDelegate.h */,
				C29B2E632326551B003BCF2E /* AppDelegate.m */,
				C262FD682327D29100667D5D /* UIView+FSLView.h */,
				C262FD692327D29100667D5D /* UIView+FSLView.m */,
				C29B2E982326794D003BCF2E /* Main */,
			);
			path = Class;
			sourceTree = "<group>";
		};
		C29B2E982326794D003BCF2E /* Main */ = {
			isa = PBXGroup;
			children = (
				C262FD6223278E4300667D5D /* PrefixHeader.pch */,
				C262FDA12328A33800667D5D /* FSLTextViewController.h */,
				C262FDA22328A33800667D5D /* FSLTextViewController.m */,
			);
			path = Main;
			sourceTree = "<group>";
		};
/* End PBXGroup section */

/* Begin PBXNativeTarget section */
		C29B2E5E2326551B003BCF2E /* 百思不得姐-01 */ = {
			isa = PBXNativeTarget;
			buildConfigurationList = C29B2E8B2326551D003BCF2E /* Build configuration list for PBXNativeTarget "百思不得姐-01" */;
			buildPhases = (
				59E453885FED8241B12E72C4 /* [CP] Check Pods Manifest.lock */,
				C29B2E5B2326551B003BCF2E /* Sources */,
				C29B2E5C2326551B003BCF2E /* Frameworks */,
				C29B2E5D2326551B003BCF2E /* Resources */,
				E07245C3FC0AC3599810289C /* [CP] Embed Pods Frameworks */,
			);
			buildRules = (
			);
			dependencies = (
			);
			name = "百思不得姐-01";
			productName = "百思不得姐-01";
			productReference = C29B2E5F2326551B003BCF2E /* 百思不得姐-01.app */;
			productType = "com.apple.product-type.application";
		};
		C29B2E762326551D003BCF2E /* 百思不得姐-01Tests */ = {
			isa = PBXNativeTarget;
			buildConfigurationList = C29B2E8E2326551D003BCF2E /* Build configuration list for PBXNativeTarget "百思不得姐-01Tests" */;
			buildPhases = (
				C29B2E732326551D003BCF2E /* Sources */,
				C29B2E742326551D003BCF2E /* Frameworks */,
				C29B2E752326551D003BCF2E /* Resources */,
			);
			buildRules = (
			);
			dependencies = (
				C29B2E792326551D003BCF2E /* PBXTargetDependency */,
			);
			name = "百思不得姐-01Tests";
			productName = "百思不得姐-01Tests";
			productReference = C29B2E772326551D003BCF2E /* 百思不得姐-01Tests.xctest */;
			productType = "com.apple.product-type.bundle.unit-test";
		};
		C29B2E812326551D003BCF2E /* 百思不得姐-01UITests */ = {
			isa = PBXNativeTarget;
			buildConfigurationList = C29B2E912326551D003BCF2E /* Build configuration list for PBXNativeTarget "百思不得姐-01UITests" */;
			buildPhases = (
				C29B2E7E2326551D003BCF2E /* Sources */,
				C29B2E7F2326551D003BCF2E /* Frameworks */,
				C29B2E802326551D003BCF2E /* Resources */,
			);
			buildRules = (
			);
			dependencies = (
				C29B2E842326551D003BCF2E /* PBXTargetDependency */,
			);
			name = "百思不得姐-01UITests";
			productName = "百思不得姐-01UITests";
			productReference = C29B2E822326551D003BCF2E /* 百思不得姐-01UITests.xctest */;
			productType = "com.apple.product-type.bundle.ui-testing";
		};
/* End PBXNativeTarget section */

/* Begin PBXProject section */
		C29B2E572326551B003BCF2E /* Project object */ = {
			isa = PBXProject;
			attributes = {
				LastUpgradeCheck = 1020;
				ORGANIZATIONNAME = "我演示";
				TargetAttributes = {
					C29B2E5E2326551B003BCF2E = {
						CreatedOnToolsVersion = 10.2;
					};
					C29B2E762326551D003BCF2E = {
						CreatedOnToolsVersion = 10.2;
						TestTargetID = C29B2E5E2326551B003BCF2E;
					};
					C29B2E812326551D003BCF2E = {
						CreatedOnToolsVersion = 10.2;
						TestTargetID = C29B2E5E2326551B003BCF2E;
					};
				};
			};
			buildConfigurationList = C29B2E5A2326551B003BCF2E /* Build configuration list for PBXProject "百思不得姐-01" */;
			compatibilityVersion = "Xcode 9.3";
			developmentRegion = en;
			hasScannedForEncodings = 0;
			knownRegions = (
				en,
				Base,
			);
			mainGroup = C29B2E562326551B003BCF2E;
			productRefGroup = C29B2E602326551B003BCF2E /* Products */;
			projectDirPath = "";
			projectRoot = "";
			targets = (
				C29B2E5E2326551B003BCF2E /* 百思不得姐-01 */,
				C29B2E762326551D003BCF2E /* 百思不得姐-01Tests */,
				C29B2E812326551D003BCF2E /* 百思不得姐-01UITests */,
			);
		};
/* End PBXProject section */

/* Begin PBXResourcesBuildPhase section */
		C29B2E5D2326551B003BCF2E /* Resources */ = {
			isa = PBXResourcesBuildPhase;
			buildActionMask = 2147483647;
			files = (
				C29B2E6F2326551D003BCF2E /* LaunchScreen.storyboard in Resources */,
				C29B2E6C2326551C003BCF2E /* Assets.xcassets in Resources */,
			);
			runOnlyForDeploymentPostprocessing = 0;
		};
		C29B2E752326551D003BCF2E /* Resources */ = {
			isa = PBXResourcesBuildPhase;
			buildActionMask = 2147483647;
			files = (
			);
			runOnlyForDeploymentPostprocessing = 0;
		};
		C29B2E802326551D003BCF2E /* Resources */ = {
			isa = PBXResourcesBuildPhase;
			buildActionMask = 2147483647;
			files = (
			);
			runOnlyForDeploymentPostprocessing = 0;
		};
/* End PBXResourcesBuildPhase section */

/* Begin PBXShellScriptBuildPhase section */
		59E453885FED8241B12E72C4 /* [CP] Check Pods Manifest.lock */ = {
			isa = PBXShellScriptBuildPhase;
			buildActionMask = 2147483647;
			files = (
			);
			inputFileListPaths = (
			);
			inputPaths = (
				"${PODS_PODFILE_DIR_PATH}/Podfile.lock",
				"${PODS_ROOT}/Manifest.lock",
			);
			name = "[CP] Check Pods Manifest.lock";
			outputFileListPaths = (
			);
			outputPaths = (
				"$(DERIVED_FILE_DIR)/Pods-百思不得姐-01-checkManifestLockResult.txt",
			);
			runOnlyForDeploymentPostprocessing = 0;
			shellPath = /bin/sh;
			shellScript = "diff \"${PODS_PODFILE_DIR_PATH}/Podfile.lock\" \"${PODS_ROOT}/Manifest.lock\" > /dev/null\nif [ $? != 0 ] ; then\n    # print error to STDERR\n    echo \"error: The sandbox is not in sync with the Podfile.lock. Run 'pod install' or update your CocoaPods installation.\" >&2\n    exit 1\nfi\n# This output is used by Xcode 'outputs' to avoid re-running this script phase.\necho \"SUCCESS\" > \"${SCRIPT_OUTPUT_FILE_0}\"\n";
			showEnvVarsInLog = 0;
		};
		E07245C3FC0AC3599810289C /* [CP] Embed Pods Frameworks */ = {
			isa = PBXShellScriptBuildPhase;
			buildActionMask = 2147483647;
			files = (
			);
			inputFileListPaths = (
				"${PODS_ROOT}/Target Support Files/Pods-百思不得姐-01/Pods-百思不得姐-01-frameworks-${CONFIGURATION}-input-files.xcfilelist",
			);
			name = "[CP] Embed Pods Frameworks";
			outputFileListPaths = (
				"${PODS_ROOT}/Target Support Files/Pods-百思不得姐-01/Pods-百思不得姐-01-frameworks-${CONFIGURATION}-output-files.xcfilelist",
			);
			runOnlyForDeploymentPostprocessing = 0;
			shellPath = /bin/sh;
			shellScript = "\"${PODS_ROOT}/Target Support Files/Pods-百思不得姐-01/Pods-百思不得姐-01-frameworks.sh\"\n";
			showEnvVarsInLog = 0;
		};
/* End PBXShellScriptBuildPhase section */

/* Begin PBXSourcesBuildPhase section */
		C29B2E5B2326551B003BCF2E /* Sources */ = {
			isa = PBXSourcesBuildPhase;
			buildActionMask = 2147483647;
			files = (
				C29B2E9623265C9D003BCF2E /* FSLViewController.m in Sources */,
				C29B2E9B2326A1E4003BCF2E /* FslTabBarController.m in Sources */,
				C262FD9A23288A0E00667D5D /* UIBarButtonItem+FSLBarButtonItem.m in Sources */,
				C262FD9D2328946800667D5D /* FSLRecommendFollowController.m in Sources */,
				C29B2E722326551D003BCF2E /* main.m in Sources */,
				C238B32C232C796C00692BED /* FSLLoginRegisterField.m in Sources */,
				C262FDA02328A08900667D5D /* FSLNavigaitonController.m in Sources */,
				C262FDA32328A33800667D5D /* FSLTextViewController.m in Sources */,
				C29B2E642326551B003BCF2E /* AppDelegate.m in Sources */,
				C238B334232C9D6200692BED /* FSLFooterView.m in Sources */,
				C238B331232C89A800692BED /* UITextField+FSLExtension.m in Sources */,
				C262FD6A2327D29100667D5D /* UIView+FSLView.m in Sources */,
				C262FD7D232883FF00667D5D /* FSLTabBar.m in Sources */,
				C262FD97232887B300667D5D /* FSLHomeViewController.m in Sources */,
				C262FD8E2328877600667D5D /* FSLMineViewController.m in Sources */,
				C262FD912328878500667D5D /* FSLEssectionViewController.m in Sources */,
			);
			runOnlyForDeploymentPostprocessing = 0;
		};
		C29B2E732326551D003BCF2E /* Sources */ = {
			isa = PBXSourcesBuildPhase;
			buildActionMask = 2147483647;
			files = (
				C29B2E7C2326551D003BCF2E /* ______01Tests.m in Sources */,
			);
			runOnlyForDeploymentPostprocessing = 0;
		};
		C29B2E7E2326551D003BCF2E /* Sources */ = {
			isa = PBXSourcesBuildPhase;
			buildActionMask = 2147483647;
			files = (
				C29B2E872326551D003BCF2E /* ______01UITests.m in Sources */,
			);
			runOnlyForDeploymentPostprocessing = 0;
		};
/* End PBXSourcesBuildPhase section */

/* Begin PBXTargetDependency section */
		C29B2E792326551D003BCF2E /* PBXTargetDependency */ = {
			isa = PBXTargetDependency;
			target = C29B2E5E2326551B003BCF2E /* 百思不得姐-01 */;
			targetProxy = C29B2E782326551D003BCF2E /* PBXContainerItemProxy */;
		};
		C29B2E842326551D003BCF2E /* PBXTargetDependency */ = {
			isa = PBXTargetDependency;
			target = C29B2E5E2326551B003BCF2E /* 百思不得姐-01 */;
			targetProxy = C29B2E832326551D003BCF2E /* PBXContainerItemProxy */;
		};
/* End PBXTargetDependency section */

/* Begin PBXVariantGroup section */
		C29B2E6D2326551D003BCF2E /* LaunchScreen.storyboard */ = {
			isa = PBXVariantGroup;
			children = (
				C29B2E6E2326551D003BCF2E /* Base */,
			);
			name = LaunchScreen.storyboard;
			sourceTree = "<group>";
		};
/* End PBXVariantGroup section */

/* Begin XCBuildConfiguration section */
		C29B2E892326551D003BCF2E /* Debug */ = {
			isa = XCBuildConfiguration;
			buildSettings = {
				ALWAYS_SEARCH_USER_PATHS = NO;
				CLANG_ANALYZER_NONNULL = YES;
				CLANG_ANALYZER_NUMBER_OBJECT_CONVERSION = YES_AGGRESSIVE;
				CLANG_CXX_LANGUAGE_STANDARD = "gnu++14";
				CLANG_CXX_LIBRARY = "libc++";
				CLANG_ENABLE_MODULES = YES;
				CLANG_ENABLE_OBJC_ARC = YES;
				CLANG_ENABLE_OBJC_WEAK = YES;
				CLANG_WARN_BLOCK_CAPTURE_AUTORELEASING = YES;
				CLANG_WARN_BOOL_CONVERSION = YES;
				CLANG_WARN_COMMA = YES;
				CLANG_WARN_CONSTANT_CONVERSION = YES;
				CLANG_WARN_DEPRECATED_OBJC_IMPLEMENTATIONS = YES;
				CLANG_WARN_DIRECT_OBJC_ISA_USAGE = YES_ERROR;
				CLANG_WARN_DOCUMENTATION_COMMENTS = YES;
				CLANG_WARN_EMPTY_BODY = YES;
				CLANG_WARN_ENUM_CONVERSION = YES;
				CLANG_WARN_INFINITE_RECURSION = YES;
				CLANG_WARN_INT_CONVERSION = YES;
				CLANG_WARN_NON_LITERAL_NULL_CONVERSION = YES;
				CLANG_WARN_OBJC_IMPLICIT_RETAIN_SELF = YES;
				CLANG_WARN_OBJC_LITERAL_CONVERSION = YES;
				CLANG_WARN_OBJC_ROOT_CLASS = YES_ERROR;
				CLANG_WARN_RANGE_LOOP_ANALYSIS = YES;
				CLANG_WARN_STRICT_PROTOTYPES = YES;
				CLANG_WARN_SUSPICIOUS_MOVE = YES;
				CLANG_WARN_UNGUARDED_AVAILABILITY = YES_AGGRESSIVE;
				CLANG_WARN_UNREACHABLE_CODE = YES;
				CLANG_WARN__DUPLICATE_METHOD_MATCH = YES;
				CODE_SIGN_IDENTITY = "iPhone Developer";
				COPY_PHASE_STRIP = NO;
				DEBUG_INFORMATION_FORMAT = dwarf;
				ENABLE_STRICT_OBJC_MSGSEND = YES;
				ENABLE_TESTABILITY = YES;
				GCC_C_LANGUAGE_STANDARD = gnu11;
				GCC_DYNAMIC_NO_PIC = NO;
				GCC_NO_COMMON_BLOCKS = YES;
				GCC_OPTIMIZATION_LEVEL = 0;
				GCC_PREPROCESSOR_DEFINITIONS = (
					"DEBUG=1",
					"$(inherited)",
				);
				GCC_WARN_64_TO_32_BIT_CONVERSION = YES;
				GCC_WARN_ABOUT_RETURN_TYPE = YES_ERROR;
				GCC_WARN_UNDECLARED_SELECTOR = YES;
				GCC_WARN_UNINITIALIZED_AUTOS = YES_AGGRESSIVE;
				GCC_WARN_UNUSED_FUNCTION = YES;
				GCC_WARN_UNUSED_VARIABLE = YES;
				IPHONEOS_DEPLOYMENT_TARGET = 12.2;
				MTL_ENABLE_DEBUG_INFO = INCLUDE_SOURCE;
				MTL_FAST_MATH = YES;
				ONLY_ACTIVE_ARCH = YES;
				SDKROOT = iphoneos;
			};
			name = Debug;
		};
		C29B2E8A2326551D003BCF2E /* Release */ = {
			isa = XCBuildConfiguration;
			buildSettings = {
				ALWAYS_SEARCH_USER_PATHS = NO;
				CLANG_ANALYZER_NONNULL = YES;
				CLANG_ANALYZER_NUMBER_OBJECT_CONVERSION = YES_AGGRESSIVE;
				CLANG_CXX_LANGUAGE_STANDARD = "gnu++14";
				CLANG_CXX_LIBRARY = "libc++";
				CLANG_ENABLE_MODULES = YES;
				CLANG_ENABLE_OBJC_ARC = YES;
				CLANG_ENABLE_OBJC_WEAK = YES;
				CLANG_WARN_BLOCK_CAPTURE_AUTORELEASING = YES;
				CLANG_WARN_BOOL_CONVERSION = YES;
				CLANG_WARN_COMMA = YES;
				CLANG_WARN_CONSTANT_CONVERSION = YES;
				CLANG_WARN_DEPRECATED_OBJC_IMPLEMENTATIONS = YES;
				CLANG_WARN_DIRECT_OBJC_ISA_USAGE = YES_ERROR;
				CLANG_WARN_DOCUMENTATION_COMMENTS = YES;
				CLANG_WARN_EMPTY_BODY = YES;
				CLANG_WARN_ENUM_CONVERSION = YES;
				CLANG_WARN_INFINITE_RECURSION = YES;
				CLANG_WARN_INT_CONVERSION = YES;
				CLANG_WARN_NON_LITERAL_NULL_CONVERSION = YES;
				CLANG_WARN_OBJC_IMPLICIT_RETAIN_SELF = YES;
				CLANG_WARN_OBJC_LITERAL_CONVERSION = YES;
				CLANG_WARN_OBJC_ROOT_CLASS = YES_ERROR;
				CLANG_WARN_RANGE_LOOP_ANALYSIS = YES;
				CLANG_WARN_STRICT_PROTOTYPES = YES;
				CLANG_WARN_SUSPICIOUS_MOVE = YES;
				CLANG_WARN_UNGUARDED_AVAILABILITY = YES_AGGRESSIVE;
				CLANG_WARN_UNREACHABLE_CODE = YES;
				CLANG_WARN__DUPLICATE_METHOD_MATCH = YES;
				CODE_SIGN_IDENTITY = "iPhone Developer";
				COPY_PHASE_STRIP = NO;
				DEBUG_INFORMATION_FORMAT = "dwarf-with-dsym";
				ENABLE_NS_ASSERTIONS = NO;
				ENABLE_STRICT_OBJC_MSGSEND = YES;
				GCC_C_LANGUAGE_STANDARD = gnu11;
				GCC_NO_COMMON_BLOCKS = YES;
				GCC_WARN_64_TO_32_BIT_CONVERSION = YES;
				GCC_WARN_ABOUT_RETURN_TYPE = YES_ERROR;
				GCC_WARN_UNDECLARED_SELECTOR = YES;
				GCC_WARN_UNINITIALIZED_AUTOS = YES_AGGRESSIVE;
				GCC_WARN_UNUSED_FUNCTION = YES;
				GCC_WARN_UNUSED_VARIABLE = YES;
				IPHONEOS_DEPLOYMENT_TARGET = 12.2;
				MTL_ENABLE_DEBUG_INFO = NO;
				MTL_FAST_MATH = YES;
				SDKROOT = iphoneos;
				VALIDATE_PRODUCT = YES;
			};
			name = Release;
		};
		C29B2E8C2326551D003BCF2E /* Debug */ = {
			isa = XCBuildConfiguration;
			baseConfigurationReference = CB47B8AF0C0FACAADA871490 /* Pods-百思不得姐-01.debug.xcconfig */;
			buildSettings = {
				ASSETCATALOG_COMPILER_APPICON_NAME = AppIcon;
				ASSETCATALOG_COMPILER_LAUNCHIMAGE_NAME = BrandAsset;
				CODE_SIGN_STYLE = Automatic;
				DEVELOPMENT_TEAM = DUKR3PGXAY;
				GCC_PREFIX_HEADER = "$(SRCROOT)/百思不得姐-01/Class/Main/PrefixHeader.pch";
				INFOPLIST_FILE = "百思不得姐-01/Info.plist";
				LD_RUNPATH_SEARCH_PATHS = (
					"$(inherited)",
					"@executable_path/Frameworks",
				);
				PRODUCT_BUNDLE_IDENTIFIER = com.ceshi.shilin.01;
				PRODUCT_NAME = "$(TARGET_NAME)";
				TARGETED_DEVICE_FAMILY = "1,2";
			};
			name = Debug;
		};
		C29B2E8D2326551D003BCF2E /* Release */ = {
			isa = XCBuildConfiguration;
			baseConfigurationReference = 5C016CCCD02393BC78F2A204 /* Pods-百思不得姐-01.release.xcconfig */;
			buildSettings = {
				ASSETCATALOG_COMPILER_APPICON_NAME = AppIcon;
				ASSETCATALOG_COMPILER_LAUNCHIMAGE_NAME = BrandAsset;
				CODE_SIGN_STYLE = Automatic;
				DEVELOPMENT_TEAM = DUKR3PGXAY;
				GCC_PREFIX_HEADER = "$(SRCROOT)/百思不得姐-01/Class/Main/PrefixHeader.pch";
				INFOPLIST_FILE = "百思不得姐-01/Info.plist";
				LD_RUNPATH_SEARCH_PATHS = (
					"$(inherited)",
					"@executable_path/Frameworks",
				);
				PRODUCT_BUNDLE_IDENTIFIER = com.ceshi.shilin.01;
				PRODUCT_NAME = "$(TARGET_NAME)";
				TARGETED_DEVICE_FAMILY = "1,2";
			};
			name = Release;
		};
		C29B2E8F2326551D003BCF2E /* Debug */ = {
			isa = XCBuildConfiguration;
			buildSettings = {
				BUNDLE_LOADER = "$(TEST_HOST)";
				CODE_SIGN_STYLE = Automatic;
				DEVELOPMENT_TEAM = DUKR3PGXAY;
				INFOPLIST_FILE = "百思不得姐-01Tests/Info.plist";
				LD_RUNPATH_SEARCH_PATHS = (
					"$(inherited)",
					"@executable_path/Frameworks",
					"@loader_path/Frameworks",
				);
				PRODUCT_BUNDLE_IDENTIFIER = "com.ceshi.shilin.------01Tests";
				PRODUCT_NAME = "$(TARGET_NAME)";
				TARGETED_DEVICE_FAMILY = "1,2";
				TEST_HOST = "$(BUILT_PRODUCTS_DIR)/百思不得姐-01.app/百思不得姐-01";
			};
			name = Debug;
		};
		C29B2E902326551D003BCF2E /* Release */ = {
			isa = XCBuildConfiguration;
			buildSettings = {
				BUNDLE_LOADER = "$(TEST_HOST)";
				CODE_SIGN_STYLE = Automatic;
				DEVELOPMENT_TEAM = DUKR3PGXAY;
				INFOPLIST_FILE = "百思不得姐-01Tests/Info.plist";
				LD_RUNPATH_SEARCH_PATHS = (
					"$(inherited)",
					"@executable_path/Frameworks",
					"@loader_path/Frameworks",
				);
				PRODUCT_BUNDLE_IDENTIFIER = "com.ceshi.shilin.------01Tests";
				PRODUCT_NAME = "$(TARGET_NAME)";
				TARGETED_DEVICE_FAMILY = "1,2";
				TEST_HOST = "$(BUILT_PRODUCTS_DIR)/百思不得姐-01.app/百思不得姐-01";
			};
			name = Release;
		};
		C29B2E922326551D003BCF2E /* Debug */ = {
			isa = XCBuildConfiguration;
			buildSettings = {
				CODE_SIGN_STYLE = Automatic;
				DEVELOPMENT_TEAM = DUKR3PGXAY;
				INFOPLIST_FILE = "百思不得姐-01UITests/Info.plist";
				LD_RUNPATH_SEARCH_PATHS = (
					"$(inherited)",
					"@executable_path/Frameworks",
					"@loader_path/Frameworks",
				);
				PRODUCT_BUNDLE_IDENTIFIER = "com.ceshi.shilin.------01UITests";
				PRODUCT_NAME = "$(TARGET_NAME)";
				TARGETED_DEVICE_FAMILY = "1,2";
				TEST_TARGET_NAME = "百思不得姐-01";
			};
			name = Debug;
		};
		C29B2E932326551D003BCF2E /* Release */ = {
			isa = XCBuildConfiguration;
			buildSettings = {
				CODE_SIGN_STYLE = Automatic;
				DEVELOPMENT_TEAM = DUKR3PGXAY;
				INFOPLIST_FILE = "百思不得姐-01UITests/Info.plist";
				LD_RUNPATH_SEARCH_PATHS = (
					"$(inherited)",
					"@executable_path/Frameworks",
					"@loader_path/Frameworks",
				);
				PRODUCT_BUNDLE_IDENTIFIER = "com.ceshi.shilin.------01UITests";
				PRODUCT_NAME = "$(TARGET_NAME)";
				TARGETED_DEVICE_FAMILY = "1,2";
				TEST_TARGET_NAME = "百思不得姐-01";
			};
			name = Release;
		};
/* End XCBuildConfiguration section */

/* Begin XCConfigurationList section */
		C29B2E5A2326551B003BCF2E /* Build configuration list for PBXProject "百思不得姐-01" */ = {
			isa = XCConfigurationList;
			buildConfigurations = (
				C29B2E892326551D003BCF2E /* Debug */,
				C29B2E8A2326551D003BCF2E /* Release */,
			);
			defaultConfigurationIsVisible = 0;
			defaultConfigurationName = Release;
		};
		C29B2E8B2326551D003BCF2E /* Build configuration list for PBXNativeTarget "百思不得姐-01" */ = {
			isa = XCConfigurationList;
			buildConfigurations = (
				C29B2E8C2326551D003BCF2E /* Debug */,
				C29B2E8D2326551D003BCF2E /* Release */,
			);
			defaultConfigurationIsVisible = 0;
			defaultConfigurationName = Release;
		};
		C29B2E8E2326551D003BCF2E /* Build configuration list for PBXNativeTarget "百思不得姐-01Tests" */ = {
			isa = XCConfigurationList;
			buildConfigurations = (
				C29B2E8F2326551D003BCF2E /* Debug */,
				C29B2E902326551D003BCF2E /* Release */,
			);
			defaultConfigurationIsVisible = 0;
			defaultConfigurationName = Release;
		};
		C29B2E912326551D003BCF2E /* Build configuration list for PBXNativeTarget "百思不得姐-01UITests" */ = {
			isa = XCConfigurationList;
			buildConfigurations = (
				C29B2E922326551D003BCF2E /* Debug */,
				C29B2E932326551D003BCF2E /* Release */,
			);
			defaultConfigurationIsVisible = 0;
			defaultConfigurationName = Release;
		};
/* End XCConfigurationList section */
	};
	rootObject = C29B2E572326551B003BCF2E /* Project object */;
}
